# This file is automatically @generated by Cargo.
# It is not intended for manual editing.
version = 3

[[package]]
name = "chess-core"
version = "0.1.0"

[[package]]
name = "chess-ffi"
version = "0.1.0"
dependencies = [
 "chess-search",
]

[[package]]
name = "chess-jni"
version = "0.1.0"
dependencies = [
 "chess-ffi",
]

[[package]]
name = "chess-search"
version = "0.1.0"
dependencies = [
 "chess-core",
]

[[package]]
name = "chess-tools"
version = "0.1.0"
dependencies = [
 "chess-core",
 "chess-search",
]

[[package]]
name = "chess-tune"
version = "0.1.0"
dependencies = [
 "chess-core",
 "chess-search",
]

[[package]]
name = "chess-uci"
version = "0.1.0"
dependencies = [
 "chess-search",
]
