# This file is automatically @generated by Cargo.
# It is not intended for manual editing.
version = 3

[[package]]
name = "bytes"
version = "1.12.1"
source = "registry+https://github.com/rust-lang/crates.io-index"
checksum = "fc652a48c352aef3ea3aed32080501cf3ef6ed5da78602a020c991775b0aff04"

[[package]]
name = "cesu8"
version = "1.1.0"
source = "registry+https://github.com/rust-lang/crates.io-index"
checksum = "6d43a04d8753f35258c91f8ec639f792891f748a1edbd759cf1dcea3382ad83c"

[[package]]
name = "cfg-if"
version = "1.0.4"
source = "registry+https://github.com/rust-lang/crates.io-index"
checksum = "9330f8b2ff13f34540b44e946ef35111825727b38d33286ef986142615121801"

[[package]]
name = "chess-book"
version = "0.1.0"
dependencies = [
 "chess-core",
]

[[package]]
name = "chess-core"
version = "0.1.0"

[[package]]
name = "chess-ffi"
version = "0.1.0"
dependencies = [
 "chess-core",
 "chess-search",
]

[[package]]
name = "chess-jni"
version = "0.1.0"
dependencies = [
 "chess-ffi",
 "jni",
]

[[package]]
name = "chess-search"
version = "0.1.0"
dependencies = [
 "chess-core",
]

[[package]]
name = "chess-tools"
version = "0.1.0"
dependencies = [
 "chess-core",
 "chess-search",
]

[[package]]
name = "chess-tune"
version = "0.1.0"
dependencies = [
 "chess-core",
 "chess-search",
]

[[package]]
name = "chess-uci"
version = "0.1.0"
dependencies = [
 "chess-core",
 "chess-search",
]

[[package]]
name = "combine"
version = "4.6.7"
source = "registry+https://github.com/rust-lang/crates.io-index"
checksum = "ba5a308b75df32fe02788e748662718f03fde005016435c444eea572398219fd"
dependencies = [
 "bytes",
 "memchr",
]

[[package]]
name = "jni"
version = "0.21.1"
source = "registry+https://github.com/rust-lang/crates.io-index"
checksum = "1a87aa2bb7d2af34197c04845522473242e1aa17c12f4935d5856491a7fb8c97"
dependencies = [
 "cesu8",
 "cfg-if",
 "combine",
 "jni-sys 0.3.1",
 "log",
 "thiserror",
 "walkdir",
 "windows-sys 0.45.0",
]

[[package]]
name = "jni-sys"
version = "0.3.1"
source = "registry+https://github.com/rust-lang/crates.io-index"
checksum = "41a652a48c352aef3ea3aed32080501cf3ef6ed5da78602a020c991775b0aff04"
